<Solution>
  <Folder Name="/src/">
    <Project Path="src/Common/Common.csproj" />
    <Project Path="src/Infrastructure/Infrastructure.csproj" />
    <Project Path="src/Modules/Admin.Service/Admin.Service.csproj" />
    <Project Path="src/Modules/Auth.Service/Auth.Service.csproj" /> 
    <Project Path="src/Modules/SqlAgent.Service/SqlAgent.Service.csproj" />
    <Project Path="src/Modules/HsSqlAgent.Server/HsSqlAgent.Server.csproj" />
    <Project Path="src/ToolBox/ToolBox.csproj" />
    <Project Path="src/UnitTest/Admin.Test/Admin.Test.csproj" />
    <Project Path="src/UnitTest/SqlAgent.Test/SqlAgent.Test.csproj" />
    <Project Path="src/UnitTest/HsSqlAgent.Server.Test/HsSqlAgent.Server.Test.csproj" />
    <Project Path="src/UnitTest/Common.Test/Common.Test.csproj" />
    <Project Path="src/UnitTest/Infrastructure.Test/Infrastructure.Test.csproj" />
  </Folder>
  <Folder Name="/src/Modules/" />
  <Folder Name="/src/Modules/SqlKata.Service/">
    <Project Path="src/Modules/SqlKata.Service/QueryBuilder/QueryBuilder.csproj" />
    <Project Path="src/Modules/SqlKata.Service/SqlKata.Execution/SqlKata.Execution.csproj" />
  </Folder>
</Solution>